
Microsoft Visual Studio Solution File, Format Version 12.00
# Visual Studio 15
VisualStudioVersion = 15.0.28307.421
MinimumVisualStudioVersion = 10.0.40219.1
Project("{8BC9CEB8-8B4A-11D0-8D11-00A0C91BC942}") = "glimmer", "glimmer\glimmer.vcxproj", "{2A458FD7-42CD-4A03-9E84-CE6910E80CD6}"
	ProjectSection(ProjectDependencies) = postProject
		{8A532CE3-9719-4E99-BFF0-C9BC32637E73} = {8A532CE3-9719-4E99-BFF0-C9BC32637E73}
	EndProjectSection
EndProject
Project("{8BC9CEB8-8B4A-11D0-8D11-00A0C91BC942}") = "ImgLib", "..\imglib\ImgLib.vcxproj", "{8A532CE3-9719-4E99-BFF0-C9BC32637E73}"
EndProject
Project("{2150E333-8FDC-42A3-9474-1A3956D46DE8}") = "engine", "engine", "{5D0F8C81-51E0-47E8-8B2D-A7F63508F237}"
EndProject
Project("{8BC9CEB8-8B4A-11D0-8D11-00A0C91BC942}") = "core", "..\engine\core.vcxproj", "{D4656B9A-CF28-4719-B307-BA4FD577293B}"
EndProject
Project("{8BC9CEB8-8B4A-11D0-8D11-00A0C91BC942}") = "kernel", "..\engine\kernel.vcxproj", "{03FFCECD-38F1-48C3-BE2B-5CFC42C34A8F}"
EndProject
Project("{8BC9CEB8-8B4A-11D0-8D11-00A0C91BC942}") = "math", "..\engine\math.vcxproj", "{45777579-8F61-4869-ACC0-A990F625944F}"
EndProject
Project("{8BC9CEB8-8B4A-11D0-8D11-00A0C91BC942}") = "engine", "..\engine\engine.vcxproj", "{C9BE37AF-362D-43A6-9151-72EE5390EAE4}"
EndProject
Project("{8BC9CEB8-8B4A-11D0-8D11-00A0C91BC942}") = "render", "..\engine\render.vcxproj", "{492E3253-7F98-4F62-92AB-2C6F92CB2B27}"
EndProject
Project("{8BC9CEB8-8B4A-11D0-8D11-00A0C91BC942}") = "input", "..\engine\input.vcxproj", "{47C8EE95-DE35-4B19-BE63-F9959414EAEB}"
EndProject
Project("{8BC9CEB8-8B4A-11D0-8D11-00A0C91BC942}") = "debug_gui", "..\engine\debug_gui.vcxproj", "{66BEEA20-1158-4419-8F2E-94FB87B04FA5}"
EndProject
Project("{8BC9CEB8-8B4A-11D0-8D11-00A0C91BC942}") = "sde", "..\engine\sde.vcxproj", "{1C57D21C-A571-421F-983F-B1CD9ED07F02}"
EndProject
Global
	GlobalSection(SolutionConfigurationPlatforms) = preSolution
		Debug|x64 = Debug|x64
		Debug|x86 = Debug|x86
		Release|x64 = Release|x64
		Release|x86 = Release|x86
		UnitTests|x64 = UnitTests|x64
		UnitTests|x86 = UnitTests|x86
	EndGlobalSection
	GlobalSection(ProjectConfigurationPlatforms) = postSolution
		{2A458FD7-42CD-4A03-9E84-CE6910E80CD6}.Debug|x64.ActiveCfg = Debug|x64
		{2A458FD7-42CD-4A03-9E84-CE6910E80CD6}.Debug|x64.Build.0 = Debug|x64
		{2A458FD7-42CD-4A03-9E84-CE6910E80CD6}.Debug|x86.ActiveCfg = Debug|Win32
		{2A458FD7-42CD-4A03-9E84-CE6910E80CD6}.Debug|x86.Build.0 = Debug|Win32
		{2A458FD7-42CD-4A03-9E84-CE6910E80CD6}.Release|x64.ActiveCfg = Release|x64
		{2A458FD7-42CD-4A03-9E84-CE6910E80CD6}.Release|x64.Build.0 = Release|x64
		{2A458FD7-42CD-4A03-9E84-CE6910E80CD6}.Release|x86.ActiveCfg = Release|Win32
		{2A458FD7-42CD-4A03-9E84-CE6910E80CD6}.Release|x86.Build.0 = Release|Win32
		{2A458FD7-42CD-4A03-9E84-CE6910E80CD6}.UnitTests|x64.ActiveCfg = Release|x64
		{2A458FD7-42CD-4A03-9E84-CE6910E80CD6}.UnitTests|x64.Build.0 = Release|x64
		{2A458FD7-42CD-4A03-9E84-CE6910E80CD6}.UnitTests|x86.ActiveCfg = Release|Win32
		{2A458FD7-42CD-4A03-9E84-CE6910E80CD6}.UnitTests|x86.Build.0 = Release|Win32
		{8A532CE3-9719-4E99-BFF0-C9BC32637E73}.Debug|x64.ActiveCfg = Debug|x64
		{8A532CE3-9719-4E99-BFF0-C9BC32637E73}.Debug|x64.Build.0 = Debug|x64
		{8A532CE3-9719-4E99-BFF0-C9BC32637E73}.Debug|x86.ActiveCfg = Debug|Win32
		{8A532CE3-9719-4E99-BFF0-C9BC32637E73}.Debug|x86.Build.0 = Debug|Win32
		{8A532CE3-9719-4E99-BFF0-C9BC32637E73}.Release|x64.ActiveCfg = Release|x64
		{8A532CE3-9719-4E99-BFF0-C9BC32637E73}.Release|x64.Build.0 = Release|x64
		{8A532CE3-9719-4E99-BFF0-C9BC32637E73}.Release|x86.ActiveCfg = Release|Win32
		{8A532CE3-9719-4E99-BFF0-C9BC32637E73}.Release|x86.Build.0 = Release|Win32
		{8A532CE3-9719-4E99-BFF0-C9BC32637E73}.UnitTests|x64.ActiveCfg = UnitTests|x64
		{8A532CE3-9719-4E99-BFF0-C9BC32637E73}.UnitTests|x64.Build.0 = UnitTests|x64
		{8A532CE3-9719-4E99-BFF0-C9BC32637E73}.UnitTests|x86.ActiveCfg = UnitTests|Win32
		{8A532CE3-9719-4E99-BFF0-C9BC32637E73}.UnitTests|x86.Build.0 = UnitTests|Win32
		{D4656B9A-CF28-4719-B307-BA4FD577293B}.Debug|x64.ActiveCfg = Debug|x64
		{D4656B9A-CF28-4719-B307-BA4FD577293B}.Debug|x64.Build.0 = Debug|x64
		{D4656B9A-CF28-4719-B307-BA4FD577293B}.Debug|x86.ActiveCfg = Debug|Win32
		{D4656B9A-CF28-4719-B307-BA4FD577293B}.Debug|x86.Build.0 = Debug|Win32
		{D4656B9A-CF28-4719-B307-BA4FD577293B}.Release|x64.ActiveCfg = Release|x64
		{D4656B9A-CF28-4719-B307-BA4FD577293B}.Release|x64.Build.0 = Release|x64
		{D4656B9A-CF28-4719-B307-BA4FD577293B}.Release|x86.ActiveCfg = Release|Win32
		{D4656B9A-CF28-4719-B307-BA4FD577293B}.Release|x86.Build.0 = Release|Win32
		{D4656B9A-CF28-4719-B307-BA4FD577293B}.UnitTests|x64.ActiveCfg = Release|x64
		{D4656B9A-CF28-4719-B307-BA4FD577293B}.UnitTests|x64.Build.0 = Release|x64
		{D4656B9A-CF28-4719-B307-BA4FD577293B}.UnitTests|x86.ActiveCfg = Release|Win32
		{D4656B9A-CF28-4719-B307-BA4FD577293B}.UnitTests|x86.Build.0 = Release|Win32
		{03FFCECD-38F1-48C3-BE2B-5CFC42C34A8F}.Debug|x64.ActiveCfg = Debug|x64
		{03FFCECD-38F1-48C3-BE2B-5CFC42C34A8F}.Debug|x64.Build.0 = Debug|x64
		{03FFCECD-38F1-48C3-BE2B-5CFC42C34A8F}.Debug|x86.ActiveCfg = Debug|Win32
		{03FFCECD-38F1-48C3-BE2B-5CFC42C34A8F}.Debug|x86.Build.0 = Debug|Win32
		{03FFCECD-38F1-48C3-BE2B-5CFC42C34A8F}.Release|x64.ActiveCfg = Release|x64
		{03FFCECD-38F1-48C3-BE2B-5CFC42C34A8F}.Release|x64.Build.0 = Release|x64
		{03FFCECD-38F1-48C3-BE2B-5CFC42C34A8F}.Release|x86.ActiveCfg = Release|Win32
		{03FFCECD-38F1-48C3-BE2B-5CFC42C34A8F}.Release|x86.Build.0 = Release|Win32
		{03FFCECD-38F1-48C3-BE2B-5CFC42C34A8F}.UnitTests|x64.ActiveCfg = Release|x64
		{03FFCECD-38F1-48C3-BE2B-5CFC42C34A8F}.UnitTests|x64.Build.0 = Release|x64
		{03FFCECD-38F1-48C3-BE2B-5CFC42C34A8F}.UnitTests|x86.ActiveCfg = Release|Win32
		{03FFCECD-38F1-48C3-BE2B-5CFC42C34A8F}.UnitTests|x86.Build.0 = Release|Win32
		{45777579-8F61-4869-ACC0-A990F625944F}.Debug|x64.ActiveCfg = Debug|x64
		{45777579-8F61-4869-ACC0-A990F625944F}.Debug|x64.Build.0 = Debug|x64
		{45777579-8F61-4869-ACC0-A990F625944F}.Debug|x86.ActiveCfg = Debug|Win32
		{45777579-8F61-4869-ACC0-A990F625944F}.Debug|x86.Build.0 = Debug|Win32
		{45777579-8F61-4869-ACC0-A990F625944F}.Release|x64.ActiveCfg = Release|x64
		{45777579-8F61-4869-ACC0-A990F625944F}.Release|x64.Build.0 = Release|x64
		{45777579-8F61-4869-ACC0-A990F625944F}.Release|x86.ActiveCfg = Release|Win32
		{45777579-8F61-4869-ACC0-A990F625944F}.Release|x86.Build.0 = Release|Win32
		{45777579-8F61-4869-ACC0-A990F625944F}.UnitTests|x64.ActiveCfg = Release|x64
		{45777579-8F61-4869-ACC0-A990F625944F}.UnitTests|x64.Build.0 = Release|x64
		{45777579-8F61-4869-ACC0-A990F625944F}.UnitTests|x86.ActiveCfg = Release|Win32
		{45777579-8F61-4869-ACC0-A990F625944F}.UnitTests|x86.Build.0 = Release|Win32
		{C9BE37AF-362D-43A6-9151-72EE5390EAE4}.Debug|x64.ActiveCfg = Debug|x64
		{C9BE37AF-362D-43A6-9151-72EE5390EAE4}.Debug|x64.Build.0 = Debug|x64
		{C9BE37AF-362D-43A6-9151-72EE5390EAE4}.Debug|x86.ActiveCfg = Debug|Win32
		{C9BE37AF-362D-43A6-9151-72EE5390EAE4}.Debug|x86.Build.0 = Debug|Win32
		{C9BE37AF-362D-43A6-9151-72EE5390EAE4}.Release|x64.ActiveCfg = Release|x64
		{C9BE37AF-362D-43A6-9151-72EE5390EAE4}.Release|x64.Build.0 = Release|x64
		{C9BE37AF-362D-43A6-9151-72EE5390EAE4}.Release|x86.ActiveCfg = Release|Win32
		{C9BE37AF-362D-43A6-9151-72EE5390EAE4}.Release|x86.Build.0 = Release|Win32
		{C9BE37AF-362D-43A6-9151-72EE5390EAE4}.UnitTests|x64.ActiveCfg = Release|x64
		{C9BE37AF-362D-43A6-9151-72EE5390EAE4}.UnitTests|x64.Build.0 = Release|x64
		{C9BE37AF-362D-43A6-9151-72EE5390EAE4}.UnitTests|x86.ActiveCfg = Release|Win32
		{C9BE37AF-362D-43A6-9151-72EE5390EAE4}.UnitTests|x86.Build.0 = Release|Win32
		{492E3253-7F98-4F62-92AB-2C6F92CB2B27}.Debug|x64.ActiveCfg = Debug|x64
		{492E3253-7F98-4F62-92AB-2C6F92CB2B27}.Debug|x64.Build.0 = Debug|x64
		{492E3253-7F98-4F62-92AB-2C6F92CB2B27}.Debug|x86.ActiveCfg = Debug|Win32
		{492E3253-7F98-4F62-92AB-2C6F92CB2B27}.Debug|x86.Build.0 = Debug|Win32
		{492E3253-7F98-4F62-92AB-2C6F92CB2B27}.Release|x64.ActiveCfg = Release|x64
		{492E3253-7F98-4F62-92AB-2C6F92CB2B27}.Release|x64.Build.0 = Release|x64
		{492E3253-7F98-4F62-92AB-2C6F92CB2B27}.Release|x86.ActiveCfg = Release|Win32
		{492E3253-7F98-4F62-92AB-2C6F92CB2B27}.Release|x86.Build.0 = Release|Win32
		{492E3253-7F98-4F62-92AB-2C6F92CB2B27}.UnitTests|x64.ActiveCfg = Release|x64
		{492E3253-7F98-4F62-92AB-2C6F92CB2B27}.UnitTests|x64.Build.0 = Release|x64
		{492E3253-7F98-4F62-92AB-2C6F92CB2B27}.UnitTests|x86.ActiveCfg = Release|Win32
		{492E3253-7F98-4F62-92AB-2C6F92CB2B27}.UnitTests|x86.Build.0 = Release|Win32
		{47C8EE95-DE35-4B19-BE63-F9959414EAEB}.Debug|x64.ActiveCfg = Debug|x64
		{47C8EE95-DE35-4B19-BE63-F9959414EAEB}.Debug|x64.Build.0 = Debug|x64
		{47C8EE95-DE35-4B19-BE63-F9959414EAEB}.Debug|x86.ActiveCfg = Debug|Win32
		{47C8EE95-DE35-4B19-BE63-F9959414EAEB}.Debug|x86.Build.0 = Debug|Win32
		{47C8EE95-DE35-4B19-BE63-F9959414EAEB}.Release|x64.ActiveCfg = Release|x64
		{47C8EE95-DE35-4B19-BE63-F9959414EAEB}.Release|x64.Build.0 = Release|x64
		{47C8EE95-DE35-4B19-BE63-F9959414EAEB}.Release|x86.ActiveCfg = Release|Win32
		{47C8EE95-DE35-4B19-BE63-F9959414EAEB}.Release|x86.Build.0 = Release|Win32
		{47C8EE95-DE35-4B19-BE63-F9959414EAEB}.UnitTests|x64.ActiveCfg = Release|x64
		{47C8EE95-DE35-4B19-BE63-F9959414EAEB}.UnitTests|x64.Build.0 = Release|x64
		{47C8EE95-DE35-4B19-BE63-F9959414EAEB}.UnitTests|x86.ActiveCfg = Release|Win32
		{47C8EE95-DE35-4B19-BE63-F9959414EAEB}.UnitTests|x86.Build.0 = Release|Win32
		{66BEEA20-1158-4419-8F2E-94FB87B04FA5}.Debug|x64.ActiveCfg = Debug|x64
		{66BEEA20-1158-4419-8F2E-94FB87B04FA5}.Debug|x64.Build.0 = Debug|x64
		{66BEEA20-1158-4419-8F2E-94FB87B04FA5}.Debug|x86.ActiveCfg = Debug|Win32
		{66BEEA20-1158-4419-8F2E-94FB87B04FA5}.Debug|x86.Build.0 = Debug|Win32
		{66BEEA20-1158-4419-8F2E-94FB87B04FA5}.Release|x64.ActiveCfg = Release|x64
		{66BEEA20-1158-4419-8F2E-94FB87B04FA5}.Release|x64.Build.0 = Release|x64
		{66BEEA20-1158-4419-8F2E-94FB87B04FA5}.Release|x86.ActiveCfg = Release|Win32
		{66BEEA20-1158-4419-8F2E-94FB87B04FA5}.Release|x86.Build.0 = Release|Win32
		{66BEEA20-1158-4419-8F2E-94FB87B04FA5}.UnitTests|x64.ActiveCfg = Release|x64
		{66BEEA20-1158-4419-8F2E-94FB87B04FA5}.UnitTests|x64.Build.0 = Release|x64
		{66BEEA20-1158-4419-8F2E-94FB87B04FA5}.UnitTests|x86.ActiveCfg = Release|Win32
		{66BEEA20-1158-4419-8F2E-94FB87B04FA5}.UnitTests|x86.Build.0 = Release|Win32
		{1C57D21C-A571-421F-983F-B1CD9ED07F02}.Debug|x64.ActiveCfg = Debug|x64
		{1C57D21C-A571-421F-983F-B1CD9ED07F02}.Debug|x64.Build.0 = Debug|x64
		{1C57D21C-A571-421F-983F-B1CD9ED07F02}.Debug|x86.ActiveCfg = Debug|Win32
		{1C57D21C-A571-421F-983F-B1CD9ED07F02}.Debug|x86.Build.0 = Debug|Win32
		{1C57D21C-A571-421F-983F-B1CD9ED07F02}.Release|x64.ActiveCfg = Release|x64
		{1C57D21C-A571-421F-983F-B1CD9ED07F02}.Release|x64.Build.0 = Release|x64
		{1C57D21C-A571-421F-983F-B1CD9ED07F02}.Release|x86.ActiveCfg = Release|Win32
		{1C57D21C-A571-421F-983F-B1CD9ED07F02}.Release|x86.Build.0 = Release|Win32
		{1C57D21C-A571-421F-983F-B1CD9ED07F02}.UnitTests|x64.ActiveCfg = Release|x64
		{1C57D21C-A571-421F-983F-B1CD9ED07F02}.UnitTests|x64.Build.0 = Release|x64
		{1C57D21C-A571-421F-983F-B1CD9ED07F02}.UnitTests|x86.ActiveCfg = Release|Win32
		{1C57D21C-A571-421F-983F-B1CD9ED07F02}.UnitTests|x86.Build.0 = Release|Win32
	EndGlobalSection
	GlobalSection(SolutionProperties) = preSolution
		HideSolutionNode = FALSE
	EndGlobalSection
	GlobalSection(NestedProjects) = preSolution
		{D4656B9A-CF28-4719-B307-BA4FD577293B} = {5D0F8C81-51E0-47E8-8B2D-A7F63508F237}
		{03FFCECD-38F1-48C3-BE2B-5CFC42C34A8F} = {5D0F8C81-51E0-47E8-8B2D-A7F63508F237}
		{45777579-8F61-4869-ACC0-A990F625944F} = {5D0F8C81-51E0-47E8-8B2D-A7F63508F237}
		{C9BE37AF-362D-43A6-9151-72EE5390EAE4} = {5D0F8C81-51E0-47E8-8B2D-A7F63508F237}
		{492E3253-7F98-4F62-92AB-2C6F92CB2B27} = {5D0F8C81-51E0-47E8-8B2D-A7F63508F237}
		{47C8EE95-DE35-4B19-BE63-F9959414EAEB} = {5D0F8C81-51E0-47E8-8B2D-A7F63508F237}
		{66BEEA20-1158-4419-8F2E-94FB87B04FA5} = {5D0F8C81-51E0-47E8-8B2D-A7F63508F237}
		{1C57D21C-A571-421F-983F-B1CD9ED07F02} = {5D0F8C81-51E0-47E8-8B2D-A7F63508F237}
	EndGlobalSection
	GlobalSection(ExtensibilityGlobals) = postSolution
		SolutionGuid = {DEFE57FF-205A-4398-A3D9-056879DF2CA2}
	EndGlobalSection
EndGlobal
